<?xml version="1.0" encoding="utf-8"?>
<Project ToolsVersion="4.0" xmlns="http://schemas.microsoft.com/developer/msbuild/2003">
  <ItemGroup>
    <Filter Include="Source Files">
      <UniqueIdentifier>{4FC737F1-C7A5-4376-A066-2A32D752A2FF}</UniqueIdentifier>
      <Extensions>cpp;c;cc;cxx;c++;cppm;ixx;def;odl;idl;hpj;bat;asm;asmx</Extensions>
    </Filter>
    <Filter Include="Header Files">
      <UniqueIdentifier>{93995380-89BD-4b04-88EB-625FBE52EBFB}</UniqueIdentifier>
      <Extensions>h;hh;hpp;hxx;h++;hm;inl;inc;ipp;xsd</Extensions>
    </Filter>
    <Filter Include="Resource Files">
      <UniqueIdentifier>{67DA6AB6-F800-4c08-8B7A-83BB121AAD01}</UniqueIdentifier>
      <Extensions>rc;ico;cur;bmp;dlg;rc2;rct;bin;rgs;gif;jpg;jpeg;jpe;resx;tiff;tif;png;wav;mfcribbon-ms</Extensions>
    </Filter>
    <Filter Include="python">
      <UniqueIdentifier>{e0d282e8-f84c-4649-97bc-58ebffccbdc3}</UniqueIdentifier>
    </Filter>
  </ItemGroup>
  <ItemGroup>
    <ClCompile Include="metricsFetcher.cpp">
      <Filter>Source Files</Filter>
    </ClCompile>
    <ClCompile Include="MetricProviderBase.cpp">
      <Filter>Source Files</Filter>
    </ClCompile>
    <ClCompile Include="CPUMetricProvider.cpp">
      <Filter>Source Files</Filter>
    </ClCompile>
    <ClCompile Include="ThreadManager.cpp">
      <Filter>Source Files</Filter>
    </ClCompile>
    <ClCompile Include="LogManager.cpp">
      <Filter>Source Files</Filter>
    </ClCompile>
    <ClCompile Include="ConfigManager.cpp">
      <Filter>Source Files</Filter>
    </ClCompile>
    <ClCompile Include="Application.cpp">
      <Filter>Source Files</Filter>
    </ClCompile>
    <ClCompile Include="Utils.cpp">
      <Filter>Source Files</Filter>
    </ClCompile>
    <ClCompile Include="DataManager.cpp">
      <Filter>Source Files</Filter>
    </ClCompile>
    <ClCompile Include="MetricsManager.cpp">
      <Filter>Source Files</Filter>
    </ClCompile>
    <ClCompile Include="StorageMetricProvider.cpp">
      <Filter>Source Files</Filter>
    </ClCompile>
    <ClCompile Include="RAMMetricProvider.cpp">
      <Filter>Source Files</Filter>
    </ClCompile>
    <ClCompile Include="NetworkMetricProvider.cpp">
      <Filter>Source Files</Filter>
    </ClCompile>
    <ClCompile Include="ProcessMetricProvider.cpp">
      <Filter>Source Files</Filter>
    </ClCompile>
    <ClCompile Include="ScriptManager.cpp">
      <Filter>Source Files</Filter>
    </ClCompile>
    <ClCompile Include="Server.cpp">
      <Filter>Source Files</Filter>
    </ClCompile>
    <ClCompile Include="Script.cpp">
      <Filter>Source Files</Filter>
    </ClCompile>
    <ClCompile Include="IntelligenceManager.cpp">
      <Filter>Source Files</Filter>
    </ClCompile>
  </ItemGroup>
  <ItemGroup>
    <ClInclude Include="MetricProviderBase.h">
      <Filter>Header Files</Filter>
    </ClInclude>
    <ClInclude Include="CPUMetricProvider.h">
      <Filter>Header Files</Filter>
    </ClInclude>
    <ClInclude Include="LogManager.h">
      <Filter>Header Files</Filter>
    </ClInclude>
    <ClInclude Include="ConfigManager.h">
      <Filter>Header Files</Filter>
    </ClInclude>
    <ClInclude Include="Application.h">
      <Filter>Header Files</Filter>
    </ClInclude>
    <ClInclude Include="Utils.h">
      <Filter>Header Files</Filter>
    </ClInclude>
    <ClInclude Include="DataManager.h">
      <Filter>Header Files</Filter>
    </ClInclude>
    <ClInclude Include="MetricsManager.h">
      <Filter>Header Files</Filter>
    </ClInclude>
    <ClInclude Include="StorageMetricProvider.h">
      <Filter>Header Files</Filter>
    </ClInclude>
    <ClInclude Include="RAMMetricProvider.h">
      <Filter>Header Files</Filter>
    </ClInclude>
    <ClInclude Include="NetworkMetricProvider.h">
      <Filter>Header Files</Filter>
    </ClInclude>
    <ClInclude Include="ProcessMetricProvider.h">
      <Filter>Header Files</Filter>
    </ClInclude>
    <ClInclude Include="ScriptManager.h">
      <Filter>Header Files</Filter>
    </ClInclude>
    <ClInclude Include="Server.h">
      <Filter>Header Files</Filter>
    </ClInclude>
    <ClInclude Include="Script.h">
      <Filter>Header Files</Filter>
    </ClInclude>
    <ClInclude Include="IntelligenceManager.h">
      <Filter>Header Files</Filter>
    </ClInclude>
    <ClInclude Include="ThreadManager.h">
      <Filter>Resource Files</Filter>
    </ClInclude>
  </ItemGroup>
  <ItemGroup>
    <CopyFileToFolders Include="www.zip" />
    <CopyFileToFolders Include="model.zip" />
    <CopyFileToFolders Include="python\requirements.txt">
      <Filter>python</Filter>
    </CopyFileToFolders>
  </ItemGroup>
  <ItemGroup>
    <None Include="README.md" />
  </ItemGroup>
  <ItemGroup>
    <Image Include="html\favicon.ico">
      <Filter>Resource Files</Filter>
    </Image>
  </ItemGroup>
</Project>